{
  "name": "function-util",
  "version": "1.0.2",
  "lockfileVersion": 1,
  "requires": true,
  "dependencies": {
    "@types/estree": {
      "version": "0.0.39",
      "resolved": "https://registry.npmjs.org/@types/estree/-/estree-0.0.39.tgz",
      "integrity": "sha1-4Xfmme4bjCLSMXTKqnQiZEOJUJ8=",
      "dev": true
    },
    "@types/node": {
      "version": "10.11.7",
      "resolved": "https://registry.npmjs.org/@types/node/-/node-10.11.7.tgz",
      "integrity": "sha1-DnXKk1fWRsp1QBbKHWihJ61+cwA=",
      "dev": true
    },
    "rollup": {
      "version": "0.66.6",
      "resolved": "https://registry.npmjs.org/rollup/-/rollup-0.66.6.tgz",
      "integrity": "sha1-zn1hhb63rOpkTOIgwl5xrgMnVII=",
      "dev": true,
      "requires": {
        "@types/estree": "0.0.39",
        "@types/node": "*"
      }
    }
  }
}
